// !$*UTF8*$!
{
	archiveVersion = 1;
	classes = {
	};
	objectVersion = 46;
	objects = {

/* Begin PBXBuildFile section */
		D6F7D0FA207A089700B67406 /* Tor.h in Headers */ = {isa = PBXBuildFile; fileRef = D6F7D0F8207A089700B67406 /* Tor.h */; settings = {ATTRIBUTES = (Public, ); }; };
		D6F7D0FE207A08B500B67406 /* libcrypto.a in Frameworks */ = {isa = PBXBuildFile; fileRef = 4E11C048191794E40038B9A7 /* libcrypto.a */; };
		D6F7D0FF207A08B500B67406 /* libcurve25519_donna.a in Frameworks */ = {isa = PBXBuildFile; fileRef = 4E11C049191794E40038B9A7 /* libcurve25519_donna.a */; };
		D6F7D100207A08B500B67406 /* libevent_core.a in Frameworks */ = {isa = PBXBuildFile; fileRef = 4E11C04B191794E40038B9A7 /* libevent_core.a */; };
		D6F7D101207A08B500B67406 /* libevent_extra.a in Frameworks */ = {isa = PBXBuildFile; fileRef = 4E11C04C191794E40038B9A7 /* libevent_extra.a */; };
		D6F7D102207A08B500B67406 /* libevent_pthreads.a in Frameworks */ = {isa = PBXBuildFile; fileRef = 4E11C04E191794E40038B9A7 /* libevent_pthreads.a */; };
		D6F7D103207A08B500B67406 /* libevent.a in Frameworks */ = {isa = PBXBuildFile; fileRef = 4E11C04A191794E40038B9A7 /* libevent.a */; };
		D6F7D104207A08B500B67406 /* libor-crypto.a in Frameworks */ = {isa = PBXBuildFile; fileRef = 4E11C04F191794E40038B9A7 /* libor-crypto.a */; };
		D6F7D105207A08B500B67406 /* libor-event.a in Frameworks */ = {isa = PBXBuildFile; fileRef = 4E11C050191794E40038B9A7 /* libor-event.a */; };
		D6F7D106207A08B500B67406 /* libor.a in Frameworks */ = {isa = PBXBuildFile; fileRef = 4E11C051191794E40038B9A7 /* libor.a */; };
		D6F7D107207A08B500B67406 /* libssl.a in Frameworks */ = {isa = PBXBuildFile; fileRef = 4E11C052191794E40038B9A7 /* libssl.a */; };
		D6F7D108207A08B500B67406 /* libtor.a in Frameworks */ = {isa = PBXBuildFile; fileRef = 4E11C053191794E40038B9A7 /* libtor.a */; };
		D6F7D109207A08B500B67406 /* libz.a in Frameworks */ = {isa = PBXBuildFile; fileRef = D6F7D0ED207A01D600B67406 /* libz.a */; };
		D6F7D10A207A08E400B67406 /* CFNetwork.framework in Frameworks */ = {isa = PBXBuildFile; fileRef = 4E11C1F51917A14E0038B9A7 /* CFNetwork.framework */; };
		D6F7D10B207A08EC00B67406 /* Foundation.framework in Frameworks */ = {isa = PBXBuildFile; fileRef = 4E0678E119178855005DC8CA /* Foundation.framework */; };
		D6F7D10C207A08FD00B67406 /* SystemConfiguration.framework in Frameworks */ = {isa = PBXBuildFile; fileRef = 4E11C1F11917A1180038B9A7 /* SystemConfiguration.framework */; };
		D6F7D10D207A090400B67406 /* MobileCoreServices.framework in Frameworks */ = {isa = PBXBuildFile; fileRef = 4E11C1F31917A1310038B9A7 /* MobileCoreServices.framework */; };
		D6F7D10E207A096A00B67406 /* ASIAuthenticationDialog.m in Sources */ = {isa = PBXBuildFile; fileRef = 4EAC3D87191B9B9F001CDCAD /* ASIAuthenticationDialog.m */; settings = {COMPILER_FLAGS = "-fno-objc-arc"; }; };
		D6F7D10F207A096A00B67406 /* ASIDataCompressor.m in Sources */ = {isa = PBXBuildFile; fileRef = 4EAC3D8A191B9B9F001CDCAD /* ASIDataCompressor.m */; settings = {COMPILER_FLAGS = "-fno-objc-arc"; }; };
		D6F7D110207A096A00B67406 /* ASIDataDecompressor.m in Sources */ = {isa = PBXBuildFile; fileRef = 4EAC3D8C191B9B9F001CDCAD /* ASIDataDecompressor.m */; settings = {COMPILER_FLAGS = "-fno-objc-arc"; }; };
		D6F7D111207A096A00B67406 /* ASIDownloadCache.m in Sources */ = {isa = PBXBuildFile; fileRef = 4EAC3D8E191B9B9F001CDCAD /* ASIDownloadCache.m */; settings = {COMPILER_FLAGS = "-fno-objc-arc"; }; };
		D6F7D112207A096A00B67406 /* ASIFormDataRequest.m in Sources */ = {isa = PBXBuildFile; fileRef = 4EAC3D90191B9B9F001CDCAD /* ASIFormDataRequest.m */; settings = {COMPILER_FLAGS = "-fno-objc-arc"; }; };
		D6F7D113207A096A00B67406 /* ASIHTTPRequest.m in Sources */ = {isa = PBXBuildFile; fileRef = 4EAC3D92191B9B9F001CDCAD /* ASIHTTPRequest.m */; settings = {COMPILER_FLAGS = "-fno-objc-arc"; }; };
		D6F7D114207A096A00B67406 /* ASIInputStream.m in Sources */ = {isa = PBXBuildFile; fileRef = 4EAC3D96191B9B9F001CDCAD /* ASIInputStream.m */; settings = {COMPILER_FLAGS = "-fno-objc-arc"; }; };
		D6F7D115207A096A00B67406 /* ASINetworkQueue.m in Sources */ = {isa = PBXBuildFile; fileRef = 4EAC3D98191B9B9F001CDCAD /* ASINetworkQueue.m */; settings = {COMPILER_FLAGS = "-fno-objc-arc"; }; };
		D6F7D116207A099400B67406 /* ASIWebPageRequest.m in Sources */ = {isa = PBXBuildFile; fileRef = 4EAC3D9C191B9B9F001CDCAD /* ASIWebPageRequest.m */; settings = {COMPILER_FLAGS = "-fno-objc-arc"; }; };
		D6F7D117207A099400B67406 /* ASICloudFilesCDNRequest.m in Sources */ = {isa = PBXBuildFile; fileRef = 4EAC3D9F191B9B9F001CDCAD /* ASICloudFilesCDNRequest.m */; settings = {COMPILER_FLAGS = "-fno-objc-arc"; }; };
		D6F7D118207A099400B67406 /* ASICloudFilesContainer.m in Sources */ = {isa = PBXBuildFile; fileRef = 4EAC3DA1191B9B9F001CDCAD /* ASICloudFilesContainer.m */; settings = {COMPILER_FLAGS = "-fno-objc-arc"; }; };
		D6F7D119207A099400B67406 /* ASICloudFilesContainerRequest.m in Sources */ = {isa = PBXBuildFile; fileRef = 4EAC3DA3191B9B9F001CDCAD /* ASICloudFilesContainerRequest.m */; settings = {COMPILER_FLAGS = "-fno-objc-arc"; }; };
		D6F7D11A207A099400B67406 /* ASICloudFilesContainerXMLParserDelegate.m in Sources */ = {isa = PBXBuildFile; fileRef = 4EAC3DA5191B9B9F001CDCAD /* ASICloudFilesContainerXMLParserDelegate.m */; settings = {COMPILER_FLAGS = "-fno-objc-arc"; }; };
		D6F7D11B207A099400B67406 /* ASICloudFilesObject.m in Sources */ = {isa = PBXBuildFile; fileRef = 4EAC3DA7191B9B9F001CDCAD /* ASICloudFilesObject.m */; settings = {COMPILER_FLAGS = "-fno-objc-arc"; }; };
		D6F7D11C207A099400B67406 /* ASICloudFilesObjectRequest.m in Sources */ = {isa = PBXBuildFile; fileRef = 4EAC3DA9191B9B9F001CDCAD /* ASICloudFilesObjectRequest.m */; settings = {COMPILER_FLAGS = "-fno-objc-arc"; }; };
		D6F7D11D207A099400B67406 /* ASICloudFilesRequest.m in Sources */ = {isa = PBXBuildFile; fileRef = 4EAC3DAB191B9B9F001CDCAD /* ASICloudFilesRequest.m */; settings = {COMPILER_FLAGS = "-fno-objc-arc"; }; };
		D6F7D11E207A09B900B67406 /* ASIS3Bucket.m in Sources */ = {isa = PBXBuildFile; fileRef = 4EAC3DAF191B9B9F001CDCAD /* ASIS3Bucket.m */; settings = {COMPILER_FLAGS = "-fno-objc-arc"; }; };
		D6F7D11F207A09B900B67406 /* ASIS3BucketObject.m in Sources */ = {isa = PBXBuildFile; fileRef = 4EAC3DB1191B9B9F001CDCAD /* ASIS3BucketObject.m */; settings = {COMPILER_FLAGS = "-fno-objc-arc"; }; };
		D6F7D120207A09B900B67406 /* ASIS3BucketRequest.m in Sources */ = {isa = PBXBuildFile; fileRef = 4EAC3DB3191B9B9F001CDCAD /* ASIS3BucketRequest.m */; settings = {COMPILER_FLAGS = "-fno-objc-arc"; }; };
		D6F7D121207A09B900B67406 /* ASIS3ObjectRequest.m in Sources */ = {isa = PBXBuildFile; fileRef = 4EAC3DB5191B9B9F001CDCAD /* ASIS3ObjectRequest.m */; settings = {COMPILER_FLAGS = "-fno-objc-arc"; }; };
		D6F7D122207A09B900B67406 /* ASIS3Request.m in Sources */ = {isa = PBXBuildFile; fileRef = 4EAC3DB7191B9B9F001CDCAD /* ASIS3Request.m */; settings = {COMPILER_FLAGS = "-fno-objc-arc"; }; };
		D6F7D123207A09B900B67406 /* ASIS3ServiceRequest.m in Sources */ = {isa = PBXBuildFile; fileRef = 4EAC3DB9191B9B9F001CDCAD /* ASIS3ServiceRequest.m */; settings = {COMPILER_FLAGS = "-fno-objc-arc"; }; };
		D6F7D124207A09B900B67406 /* Reachability.m in Sources */ = {isa = PBXBuildFile; fileRef = 4EAC3E28191B9BC8001CDCAD /* Reachability.m */; settings = {COMPILER_FLAGS = "-fno-objc-arc"; }; };
		D6F7D125207A09B900B67406 /* ULINetSocket.m in Sources */ = {isa = PBXBuildFile; fileRef = 4EAC3E2D191B9BF6001CDCAD /* ULINetSocket.m */; settings = {COMPILER_FLAGS = "-fno-objc-arc"; }; };
		D6F7D126207A09B900B67406 /* NSData+Gzip.m in Sources */ = {isa = PBXBuildFile; fileRef = 4ED21BAB191B722100FBF84B /* NSData+Gzip.m */; };
		D6F7D127207A09B900B67406 /* TorManager.m in Sources */ = {isa = PBXBuildFile; fileRef = 4E11BF0A19178CA90038B9A7 /* TorManager.m */; };
		D6F7D128207A09B900B67406 /* TorWrapper.m in Sources */ = {isa = PBXBuildFile; fileRef = 4E11C1DE19179A200038B9A7 /* TorWrapper.m */; };
		D6F7D129207A09B900B67406 /* TorURLProtocol.m in Sources */ = {isa = PBXBuildFile; fileRef = 4E11BF0E19178CD60038B9A7 /* TorURLProtocol.m */; };
		D6F7D12A207A09B900B67406 /* CKHTTPConnection.m in Sources */ = {isa = PBXBuildFile; fileRef = 4ED21BA7191B702A00FBF84B /* CKHTTPConnection.m */; };
		D6F7D12B207A0CC800B67406 /* tor_main.c in Sources */ = {isa = PBXBuildFile; fileRef = 4E11C2591917D97C0038B9A7 /* tor_main.c */; };
		D6F7D12F207A0D4200B67406 /* torrc in Resources */ = {isa = PBXBuildFile; fileRef = D6F7D12E207A0D4200B67406 /* torrc */; };
		D6F7D133207A29BC00B67406 /* geoip in Resources */ = {isa = PBXBuildFile; fileRef = D6F7D132207A29BC00B67406 /* geoip */; };
/* End PBXBuildFile section */

/* Begin PBXFileReference section */
		4E0678E119178855005DC8CA /* Foundation.framework */ = {isa = PBXFileReference; lastKnownFileType = wrapper.framework; name = Foundation.framework; path = System/Library/Frameworks/Foundation.framework; sourceTree = SDKROOT; };
		4E0678E519178855005DC8CA /* iOS-Tor-Info.plist */ = {isa = PBXFileReference; lastKnownFileType = text.plist.xml; path = "iOS-Tor-Info.plist"; sourceTree = "<group>"; };
		4E0678E719178855005DC8CA /* en */ = {isa = PBXFileReference; lastKnownFileType = text.plist.strings; name = en; path = en.lproj/InfoPlist.strings; sourceTree = "<group>"; };
		4E0678E919178855005DC8CA /* iOS-Tor-Prefix.pch */ = {isa = PBXFileReference; lastKnownFileType = sourcecode.c.h; path = "iOS-Tor-Prefix.pch"; sourceTree = "<group>"; };
		4E0678F219178855005DC8CA /* XCTest.framework */ = {isa = PBXFileReference; lastKnownFileType = wrapper.framework; name = XCTest.framework; path = Library/Frameworks/XCTest.framework; sourceTree = DEVELOPER_DIR; };
		4E0678FE19178855005DC8CA /* iOS-TorTests-Info.plist */ = {isa = PBXFileReference; lastKnownFileType = text.plist.xml; path = "iOS-TorTests-Info.plist"; sourceTree = "<group>"; };
		4E06790019178855005DC8CA /* en */ = {isa = PBXFileReference; lastKnownFileType = text.plist.strings; name = en; path = en.lproj/InfoPlist.strings; sourceTree = "<group>"; };
		4E06790219178855005DC8CA /* iOS_TorTests.m */ = {isa = PBXFileReference; lastKnownFileType = sourcecode.c.objc; path = iOS_TorTests.m; sourceTree = "<group>"; };
		4E06790C19178B53005DC8CA /* UIKit.framework */ = {isa = PBXFileReference; lastKnownFileType = wrapper.framework; name = UIKit.framework; path = System/Library/Frameworks/UIKit.framework; sourceTree = SDKROOT; };
		4E11BF0919178CA90038B9A7 /* TorManager.h */ = {isa = PBXFileReference; fileEncoding = 4; lastKnownFileType = sourcecode.c.h; path = TorManager.h; sourceTree = "<group>"; };
		4E11BF0A19178CA90038B9A7 /* TorManager.m */ = {isa = PBXFileReference; fileEncoding = 4; lastKnownFileType = sourcecode.c.objc; path = TorManager.m; sourceTree = "<group>"; };
		4E11BF0D19178CD60038B9A7 /* TorURLProtocol.h */ = {isa = PBXFileReference; fileEncoding = 4; lastKnownFileType = sourcecode.c.h; path = TorURLProtocol.h; sourceTree = "<group>"; };
		4E11BF0E19178CD60038B9A7 /* TorURLProtocol.m */ = {isa = PBXFileReference; fileEncoding = 4; lastKnownFileType = sourcecode.c.objc; path = TorURLProtocol.m; sourceTree = "<group>"; };
		4E11C048191794E40038B9A7 /* libcrypto.a */ = {isa = PBXFileReference; lastKnownFileType = archive.ar; path = libcrypto.a; sourceTree = "<group>"; };
		4E11C049191794E40038B9A7 /* libcurve25519_donna.a */ = {isa = PBXFileReference; lastKnownFileType = archive.ar; path = libcurve25519_donna.a; sourceTree = "<group>"; };
		4E11C04A191794E40038B9A7 /* libevent.a */ = {isa = PBXFileReference; lastKnownFileType = archive.ar; path = libevent.a; sourceTree = "<group>"; };
		4E11C04B191794E40038B9A7 /* libevent_core.a */ = {isa = PBXFileReference; lastKnownFileType = archive.ar; path = libevent_core.a; sourceTree = "<group>"; };
		4E11C04C191794E40038B9A7 /* libevent_extra.a */ = {isa = PBXFileReference; lastKnownFileType = archive.ar; path = libevent_extra.a; sourceTree = "<group>"; };
		4E11C04D191794E40038B9A7 /* libevent_openssl.a */ = {isa = PBXFileReference; lastKnownFileType = archive.ar; path = libevent_openssl.a; sourceTree = "<group>"; };
		4E11C04E191794E40038B9A7 /* libevent_pthreads.a */ = {isa = PBXFileReference; lastKnownFileType = archive.ar; path = libevent_pthreads.a; sourceTree = "<group>"; };
		4E11C04F191794E40038B9A7 /* libor-crypto.a */ = {isa = PBXFileReference; lastKnownFileType = archive.ar; path = "libor-crypto.a"; sourceTree = "<group>"; };
		4E11C050191794E40038B9A7 /* libor-event.a */ = {isa = PBXFileReference; lastKnownFileType = archive.ar; path = "libor-event.a"; sourceTree = "<group>"; };
		4E11C051191794E40038B9A7 /* libor.a */ = {isa = PBXFileReference; lastKnownFileType = archive.ar; path = libor.a; sourceTree = "<group>"; };
		4E11C052191794E40038B9A7 /* libssl.a */ = {isa = PBXFileReference; lastKnownFileType = archive.ar; path = libssl.a; sourceTree = "<group>"; };
		4E11C053191794E40038B9A7 /* libtor.a */ = {isa = PBXFileReference; lastKnownFileType = archive.ar; path = libtor.a; sourceTree = "<group>"; };
		4E11C1DD19179A200038B9A7 /* TorWrapper.h */ = {isa = PBXFileReference; fileEncoding = 4; lastKnownFileType = sourcecode.c.h; path = TorWrapper.h; sourceTree = "<group>"; };
		4E11C1DE19179A200038B9A7 /* TorWrapper.m */ = {isa = PBXFileReference; fileEncoding = 4; lastKnownFileType = sourcecode.c.objc; path = TorWrapper.m; sourceTree = "<group>"; };
		4E11C1ED1917A02E0038B9A7 /* libz.dylib */ = {isa = PBXFileReference; lastKnownFileType = "compiled.mach-o.dylib"; name = libz.dylib; path = usr/lib/libz.dylib; sourceTree = SDKROOT; };
		4E11C1F11917A1180038B9A7 /* SystemConfiguration.framework */ = {isa = PBXFileReference; lastKnownFileType = wrapper.framework; name = SystemConfiguration.framework; path = System/Library/Frameworks/SystemConfiguration.framework; sourceTree = SDKROOT; };
		4E11C1F31917A1310038B9A7 /* MobileCoreServices.framework */ = {isa = PBXFileReference; lastKnownFileType = wrapper.framework; name = MobileCoreServices.framework; path = System/Library/Frameworks/MobileCoreServices.framework; sourceTree = SDKROOT; };
		4E11C1F51917A14E0038B9A7 /* CFNetwork.framework */ = {isa = PBXFileReference; lastKnownFileType = wrapper.framework; name = CFNetwork.framework; path = System/Library/Frameworks/CFNetwork.framework; sourceTree = SDKROOT; };
		4E11C1F71917A1610038B9A7 /* CoreGraphics.framework */ = {isa = PBXFileReference; lastKnownFileType = wrapper.framework; name = CoreGraphics.framework; path = System/Library/Frameworks/CoreGraphics.framework; sourceTree = SDKROOT; };
		4E11C2481917CAC60038B9A7 /* micro-revision.i */ = {isa = PBXFileReference; fileEncoding = 4; lastKnownFileType = sourcecode.c.c.preprocessed; name = "micro-revision.i"; path = "../../dependencies/include/micro-revision.i"; sourceTree = "<group>"; };
		4E11C2591917D97C0038B9A7 /* tor_main.c */ = {isa = PBXFileReference; fileEncoding = 4; lastKnownFileType = sourcecode.c.c; path = tor_main.c; sourceTree = "<group>"; };
		4EAC3D86191B9B9F001CDCAD /* ASIAuthenticationDialog.h */ = {isa = PBXFileReference; fileEncoding = 4; lastKnownFileType = sourcecode.c.h; path = ASIAuthenticationDialog.h; sourceTree = "<group>"; };
		4EAC3D87191B9B9F001CDCAD /* ASIAuthenticationDialog.m */ = {isa = PBXFileReference; fileEncoding = 4; lastKnownFileType = sourcecode.c.objc; path = ASIAuthenticationDialog.m; sourceTree = "<group>"; };
		4EAC3D88191B9B9F001CDCAD /* ASICacheDelegate.h */ = {isa = PBXFileReference; fileEncoding = 4; lastKnownFileType = sourcecode.c.h; path = ASICacheDelegate.h; sourceTree = "<group>"; };
		4EAC3D89191B9B9F001CDCAD /* ASIDataCompressor.h */ = {isa = PBXFileReference; fileEncoding = 4; lastKnownFileType = sourcecode.c.h; path = ASIDataCompressor.h; sourceTree = "<group>"; };
		4EAC3D8A191B9B9F001CDCAD /* ASIDataCompressor.m */ = {isa = PBXFileReference; fileEncoding = 4; lastKnownFileType = sourcecode.c.objc; path = ASIDataCompressor.m; sourceTree = "<group>"; };
		4EAC3D8B191B9B9F001CDCAD /* ASIDataDecompressor.h */ = {isa = PBXFileReference; fileEncoding = 4; lastKnownFileType = sourcecode.c.h; path = ASIDataDecompressor.h; sourceTree = "<group>"; };
		4EAC3D8C191B9B9F001CDCAD /* ASIDataDecompressor.m */ = {isa = PBXFileReference; fileEncoding = 4; lastKnownFileType = sourcecode.c.objc; path = ASIDataDecompressor.m; sourceTree = "<group>"; };
		4EAC3D8D191B9B9F001CDCAD /* ASIDownloadCache.h */ = {isa = PBXFileReference; fileEncoding = 4; lastKnownFileType = sourcecode.c.h; path = ASIDownloadCache.h; sourceTree = "<group>"; };
		4EAC3D8E191B9B9F001CDCAD /* ASIDownloadCache.m */ = {isa = PBXFileReference; fileEncoding = 4; lastKnownFileType = sourcecode.c.objc; path = ASIDownloadCache.m; sourceTree = "<group>"; };
		4EAC3D8F191B9B9F001CDCAD /* ASIFormDataRequest.h */ = {isa = PBXFileReference; fileEncoding = 4; lastKnownFileType = sourcecode.c.h; path = ASIFormDataRequest.h; sourceTree = "<group>"; };
		4EAC3D90191B9B9F001CDCAD /* ASIFormDataRequest.m */ = {isa = PBXFileReference; fileEncoding = 4; lastKnownFileType = sourcecode.c.objc; path = ASIFormDataRequest.m; sourceTree = "<group>"; };
		4EAC3D91191B9B9F001CDCAD /* ASIHTTPRequest.h */ = {isa = PBXFileReference; fileEncoding = 4; lastKnownFileType = sourcecode.c.h; path = ASIHTTPRequest.h; sourceTree = "<group>"; };
		4EAC3D92191B9B9F001CDCAD /* ASIHTTPRequest.m */ = {isa = PBXFileReference; fileEncoding = 4; lastKnownFileType = sourcecode.c.objc; path = ASIHTTPRequest.m; sourceTree = "<group>"; };
		4EAC3D93191B9B9F001CDCAD /* ASIHTTPRequestConfig.h */ = {isa = PBXFileReference; fileEncoding = 4; lastKnownFileType = sourcecode.c.h; path = ASIHTTPRequestConfig.h; sourceTree = "<group>"; };
		4EAC3D94191B9B9F001CDCAD /* ASIHTTPRequestDelegate.h */ = {isa = PBXFileReference; fileEncoding = 4; lastKnownFileType = sourcecode.c.h; path = ASIHTTPRequestDelegate.h; sourceTree = "<group>"; };
		4EAC3D95191B9B9F001CDCAD /* ASIInputStream.h */ = {isa = PBXFileReference; fileEncoding = 4; lastKnownFileType = sourcecode.c.h; path = ASIInputStream.h; sourceTree = "<group>"; };
		4EAC3D96191B9B9F001CDCAD /* ASIInputStream.m */ = {isa = PBXFileReference; fileEncoding = 4; lastKnownFileType = sourcecode.c.objc; path = ASIInputStream.m; sourceTree = "<group>"; };
		4EAC3D97191B9B9F001CDCAD /* ASINetworkQueue.h */ = {isa = PBXFileReference; fileEncoding = 4; lastKnownFileType = sourcecode.c.h; path = ASINetworkQueue.h; sourceTree = "<group>"; };
		4EAC3D98191B9B9F001CDCAD /* ASINetworkQueue.m */ = {isa = PBXFileReference; fileEncoding = 4; lastKnownFileType = sourcecode.c.objc; path = ASINetworkQueue.m; sourceTree = "<group>"; };
		4EAC3D99191B9B9F001CDCAD /* ASIProgressDelegate.h */ = {isa = PBXFileReference; fileEncoding = 4; lastKnownFileType = sourcecode.c.h; path = ASIProgressDelegate.h; sourceTree = "<group>"; };
		4EAC3D9B191B9B9F001CDCAD /* ASIWebPageRequest.h */ = {isa = PBXFileReference; fileEncoding = 4; lastKnownFileType = sourcecode.c.h; path = ASIWebPageRequest.h; sourceTree = "<group>"; };
		4EAC3D9C191B9B9F001CDCAD /* ASIWebPageRequest.m */ = {isa = PBXFileReference; fileEncoding = 4; lastKnownFileType = sourcecode.c.objc; path = ASIWebPageRequest.m; sourceTree = "<group>"; };
		4EAC3D9E191B9B9F001CDCAD /* ASICloudFilesCDNRequest.h */ = {isa = PBXFileReference; fileEncoding = 4; lastKnownFileType = sourcecode.c.h; path = ASICloudFilesCDNRequest.h; sourceTree = "<group>"; };
		4EAC3D9F191B9B9F001CDCAD /* ASICloudFilesCDNRequest.m */ = {isa = PBXFileReference; fileEncoding = 4; lastKnownFileType = sourcecode.c.objc; path = ASICloudFilesCDNRequest.m; sourceTree = "<group>"; };
		4EAC3DA0191B9B9F001CDCAD /* ASICloudFilesContainer.h */ = {isa = PBXFileReference; fileEncoding = 4; lastKnownFileType = sourcecode.c.h; path = ASICloudFilesContainer.h; sourceTree = "<group>"; };
		4EAC3DA1191B9B9F001CDCAD /* ASICloudFilesContainer.m */ = {isa = PBXFileReference; fileEncoding = 4; lastKnownFileType = sourcecode.c.objc; path = ASICloudFilesContainer.m; sourceTree = "<group>"; };
		4EAC3DA2191B9B9F001CDCAD /* ASICloudFilesContainerRequest.h */ = {isa = PBXFileReference; fileEncoding = 4; lastKnownFileType = sourcecode.c.h; path = ASICloudFilesContainerRequest.h; sourceTree = "<group>"; };
		4EAC3DA3191B9B9F001CDCAD /* ASICloudFilesContainerRequest.m */ = {isa = PBXFileReference; fileEncoding = 4; lastKnownFileType = sourcecode.c.objc; path = ASICloudFilesContainerRequest.m; sourceTree = "<group>"; };
		4EAC3DA4191B9B9F001CDCAD /* ASICloudFilesContainerXMLParserDelegate.h */ = {isa = PBXFileReference; fileEncoding = 4; lastKnownFileType = sourcecode.c.h; path = ASICloudFilesContainerXMLParserDelegate.h; sourceTree = "<group>"; };
		4EAC3DA5191B9B9F001CDCAD /* ASICloudFilesContainerXMLParserDelegate.m */ = {isa = PBXFileReference; fileEncoding = 4; lastKnownFileType = sourcecode.c.objc; path = ASICloudFilesContainerXMLParserDelegate.m; sourceTree = "<group>"; };
		4EAC3DA6191B9B9F001CDCAD /* ASICloudFilesObject.h */ = {isa = PBXFileReference; fileEncoding = 4; lastKnownFileType = sourcecode.c.h; path = ASICloudFilesObject.h; sourceTree = "<group>"; };
		4EAC3DA7191B9B9F001CDCAD /* ASICloudFilesObject.m */ = {isa = PBXFileReference; fileEncoding = 4; lastKnownFileType = sourcecode.c.objc; path = ASICloudFilesObject.m; sourceTree = "<group>"; };
		4EAC3DA8191B9B9F001CDCAD /* ASICloudFilesObjectRequest.h */ = {isa = PBXFileReference; fileEncoding = 4; lastKnownFileType = sourcecode.c.h; path = ASICloudFilesObjectRequest.h; sourceTree = "<group>"; };
		4EAC3DA9191B9B9F001CDCAD /* ASICloudFilesObjectRequest.m */ = {isa = PBXFileReference; fileEncoding = 4; lastKnownFileType = sourcecode.c.objc; path = ASICloudFilesObjectRequest.m; sourceTree = "<group>"; };
		4EAC3DAA191B9B9F001CDCAD /* ASICloudFilesRequest.h */ = {isa = PBXFileReference; fileEncoding = 4; lastKnownFileType = sourcecode.c.h; path = ASICloudFilesRequest.h; sourceTree = "<group>"; };
		4EAC3DAB191B9B9F001CDCAD /* ASICloudFilesRequest.m */ = {isa = PBXFileReference; fileEncoding = 4; lastKnownFileType = sourcecode.c.objc; path = ASICloudFilesRequest.m; sourceTree = "<group>"; };
		4EAC3DAD191B9B9F001CDCAD /* ASINSXMLParserCompat.h */ = {isa = PBXFileReference; fileEncoding = 4; lastKnownFileType = sourcecode.c.h; path = ASINSXMLParserCompat.h; sourceTree = "<group>"; };
		4EAC3DAE191B9B9F001CDCAD /* ASIS3Bucket.h */ = {isa = PBXFileReference; fileEncoding = 4; lastKnownFileType = sourcecode.c.h; path = ASIS3Bucket.h; sourceTree = "<group>"; };
		4EAC3DAF191B9B9F001CDCAD /* ASIS3Bucket.m */ = {isa = PBXFileReference; fileEncoding = 4; lastKnownFileType = sourcecode.c.objc; path = ASIS3Bucket.m; sourceTree = "<group>"; };
		4EAC3DB0191B9B9F001CDCAD /* ASIS3BucketObject.h */ = {isa = PBXFileReference; fileEncoding = 4; lastKnownFileType = sourcecode.c.h; path = ASIS3BucketObject.h; sourceTree = "<group>"; };
		4EAC3DB1191B9B9F001CDCAD /* ASIS3BucketObject.m */ = {isa = PBXFileReference; fileEncoding = 4; lastKnownFileType = sourcecode.c.objc; path = ASIS3BucketObject.m; sourceTree = "<group>"; };
		4EAC3DB2191B9B9F001CDCAD /* ASIS3BucketRequest.h */ = {isa = PBXFileReference; fileEncoding = 4; lastKnownFileType = sourcecode.c.h; path = ASIS3BucketRequest.h; sourceTree = "<group>"; };
		4EAC3DB3191B9B9F001CDCAD /* ASIS3BucketRequest.m */ = {isa = PBXFileReference; fileEncoding = 4; lastKnownFileType = sourcecode.c.objc; path = ASIS3BucketRequest.m; sourceTree = "<group>"; };
		4EAC3DB4191B9B9F001CDCAD /* ASIS3ObjectRequest.h */ = {isa = PBXFileReference; fileEncoding = 4; lastKnownFileType = sourcecode.c.h; path = ASIS3ObjectRequest.h; sourceTree = "<group>"; };
		4EAC3DB5191B9B9F001CDCAD /* ASIS3ObjectRequest.m */ = {isa = PBXFileReference; fileEncoding = 4; lastKnownFileType = sourcecode.c.objc; path = ASIS3ObjectRequest.m; sourceTree = "<group>"; };
		4EAC3DB6191B9B9F001CDCAD /* ASIS3Request.h */ = {isa = PBXFileReference; fileEncoding = 4; lastKnownFileType = sourcecode.c.h; path = ASIS3Request.h; sourceTree = "<group>"; };
		4EAC3DB7191B9B9F001CDCAD /* ASIS3Request.m */ = {isa = PBXFileReference; fileEncoding = 4; lastKnownFileType = sourcecode.c.objc; path = ASIS3Request.m; sourceTree = "<group>"; };
		4EAC3DB8191B9B9F001CDCAD /* ASIS3ServiceRequest.h */ = {isa = PBXFileReference; fileEncoding = 4; lastKnownFileType = sourcecode.c.h; path = ASIS3ServiceRequest.h; sourceTree = "<group>"; };
		4EAC3DB9191B9B9F001CDCAD /* ASIS3ServiceRequest.m */ = {isa = PBXFileReference; fileEncoding = 4; lastKnownFileType = sourcecode.c.objc; path = ASIS3ServiceRequest.m; sourceTree = "<group>"; };
		4EAC3E27191B9BC8001CDCAD /* Reachability.h */ = {isa = PBXFileReference; fileEncoding = 4; lastKnownFileType = sourcecode.c.h; path = Reachability.h; sourceTree = "<group>"; };
		4EAC3E28191B9BC8001CDCAD /* Reachability.m */ = {isa = PBXFileReference; fileEncoding = 4; lastKnownFileType = sourcecode.c.objc; path = Reachability.m; sourceTree = "<group>"; };
		4EAC3E2C191B9BF6001CDCAD /* ULINetSocket.h */ = {isa = PBXFileReference; fileEncoding = 4; lastKnownFileType = sourcecode.c.h; path = ULINetSocket.h; sourceTree = "<group>"; };
		4EAC3E2D191B9BF6001CDCAD /* ULINetSocket.m */ = {isa = PBXFileReference; fileEncoding = 4; lastKnownFileType = sourcecode.c.objc; path = ULINetSocket.m; sourceTree = "<group>"; };
		4ED21BA6191B702A00FBF84B /* CKHTTPConnection.h */ = {isa = PBXFileReference; fileEncoding = 4; lastKnownFileType = sourcecode.c.h; path = CKHTTPConnection.h; sourceTree = "<group>"; };
		4ED21BA7191B702A00FBF84B /* CKHTTPConnection.m */ = {isa = PBXFileReference; fileEncoding = 4; lastKnownFileType = sourcecode.c.objc; path = CKHTTPConnection.m; sourceTree = "<group>"; };
		4ED21BAA191B722100FBF84B /* NSData+Gzip.h */ = {isa = PBXFileReference; fileEncoding = 4; lastKnownFileType = sourcecode.c.h; name = "NSData+Gzip.h"; path = "Categories/NSData+Gzip.h"; sourceTree = "<group>"; };
		4ED21BAB191B722100FBF84B /* NSData+Gzip.m */ = {isa = PBXFileReference; fileEncoding = 4; lastKnownFileType = sourcecode.c.objc; name = "NSData+Gzip.m"; path = "Categories/NSData+Gzip.m"; sourceTree = "<group>"; };
		D6F7D0ED207A01D600B67406 /* libz.a */ = {isa = PBXFileReference; lastKnownFileType = archive.ar; name = libz.a; path = ../dependencies/lib/libz.a; sourceTree = "<group>"; };
		D6F7D0F6207A089700B67406 /* Tor.framework */ = {isa = PBXFileReference; explicitFileType = wrapper.framework; includeInIndex = 0; path = Tor.framework; sourceTree = BUILT_PRODUCTS_DIR; };
		D6F7D0F8207A089700B67406 /* Tor.h */ = {isa = PBXFileReference; lastKnownFileType = sourcecode.c.h; path = Tor.h; sourceTree = "<group>"; };
		D6F7D0F9207A089700B67406 /* Info.plist */ = {isa = PBXFileReference; lastKnownFileType = text.plist.xml; path = Info.plist; sourceTree = "<group>"; };
		D6F7D12E207A0D4200B67406 /* torrc */ = {isa = PBXFileReference; fileEncoding = 4; lastKnownFileType = text; name = torrc; path = ../../dependencies/share/torrc; sourceTree = "<group>"; };
		D6F7D132207A29BC00B67406 /* geoip */ = {isa = PBXFileReference; fileEncoding = 4; lastKnownFileType = text; name = geoip; path = ../../dependencies/share/geoip; sourceTree = "<group>"; };
/* End PBXFileReference section */

/* Begin PBXFrameworksBuildPhase section */
		D6F7D0F2207A089700B67406 /* Frameworks */ = {
			isa = PBXFrameworksBuildPhase;
			buildActionMask = 2147483647;
			files = (
				D6F7D10D207A090400B67406 /* MobileCoreServices.framework in Frameworks */,
				D6F7D10C207A08FD00B67406 /* SystemConfiguration.framework in Frameworks */,
				D6F7D10B207A08EC00B67406 /* Foundation.framework in Frameworks */,
				D6F7D10A207A08E400B67406 /* CFNetwork.framework in Frameworks */,
				D6F7D0FE207A08B500B67406 /* libcrypto.a in Frameworks */,
				D6F7D0FF207A08B500B67406 /* libcurve25519_donna.a in Frameworks */,
				D6F7D100207A08B500B67406 /* libevent_core.a in Frameworks */,
				D6F7D101207A08B500B67406 /* libevent_extra.a in Frameworks */,
				D6F7D102207A08B500B67406 /* libevent_pthreads.a in Frameworks */,
				D6F7D103207A08B500B67406 /* libevent.a in Frameworks */,
				D6F7D104207A08B500B67406 /* libor-crypto.a in Frameworks */,
				D6F7D105207A08B500B67406 /* libor-event.a in Frameworks */,
				D6F7D106207A08B500B67406 /* libor.a in Frameworks */,
				D6F7D107207A08B500B67406 /* libssl.a in Frameworks */,
				D6F7D108207A08B500B67406 /* libtor.a in Frameworks */,
				D6F7D109207A08B500B67406 /* libz.a in Frameworks */,
			);
			runOnlyForDeploymentPostprocessing = 0;
		};
/* End PBXFrameworksBuildPhase section */

/* Begin PBXGroup section */
		4E0678D319178854005DC8CA = {
			isa = PBXGroup;
			children = (
				4EAC3D85191B9B9F001CDCAD /* ASIHTTPRequest */,
				4EAC3E2B191B9BF6001CDCAD /* ULINetSocket */,
				4ED21BAE191B722900FBF84B /* Categories */,
				4E0678E319178855005DC8CA /* iOS-Tor */,
				4E0678FC19178855005DC8CA /* iOS-TorTests */,
				D6F7D0F7207A089700B67406 /* Tor */,
				4E0678E019178855005DC8CA /* Frameworks */,
				4E0678DF19178855005DC8CA /* Products */,
			);
			sourceTree = "<group>";
		};
		4E0678DF19178855005DC8CA /* Products */ = {
			isa = PBXGroup;
			children = (
				D6F7D0F6207A089700B67406 /* Tor.framework */,
			);
			name = Products;
			sourceTree = "<group>";
		};
		4E0678E019178855005DC8CA /* Frameworks */ = {
			isa = PBXGroup;
			children = (
				D6F7D0ED207A01D600B67406 /* libz.a */,
				4E11C047191794E40038B9A7 /* dependencies */,
				4E0678E119178855005DC8CA /* Foundation.framework */,
				4E06790C19178B53005DC8CA /* UIKit.framework */,
				4E11C1F71917A1610038B9A7 /* CoreGraphics.framework */,
				4E11C1F51917A14E0038B9A7 /* CFNetwork.framework */,
				4E11C1F31917A1310038B9A7 /* MobileCoreServices.framework */,
				4E11C1F11917A1180038B9A7 /* SystemConfiguration.framework */,
				4E11C1ED1917A02E0038B9A7 /* libz.dylib */,
				4E0678F219178855005DC8CA /* XCTest.framework */,
			);
			name = Frameworks;
			sourceTree = "<group>";
		};
		4E0678E319178855005DC8CA /* iOS-Tor */ = {
			isa = PBXGroup;
			children = (
				4E11BF0919178CA90038B9A7 /* TorManager.h */,
				4E11BF0A19178CA90038B9A7 /* TorManager.m */,
				4E11C1DD19179A200038B9A7 /* TorWrapper.h */,
				4E11C1DE19179A200038B9A7 /* TorWrapper.m */,
				4E11BF0D19178CD60038B9A7 /* TorURLProtocol.h */,
				4E11BF0E19178CD60038B9A7 /* TorURLProtocol.m */,
				4E11C2591917D97C0038B9A7 /* tor_main.c */,
				4ED21BA6191B702A00FBF84B /* CKHTTPConnection.h */,
				4ED21BA7191B702A00FBF84B /* CKHTTPConnection.m */,
				4E0678E419178855005DC8CA /* Supporting Files */,
			);
			path = "iOS-Tor";
			sourceTree = "<group>";
		};
		4E0678E419178855005DC8CA /* Supporting Files */ = {
			isa = PBXGroup;
			children = (
				4E11C2481917CAC60038B9A7 /* micro-revision.i */,
				4E0678E519178855005DC8CA /* iOS-Tor-Info.plist */,
				4E0678E619178855005DC8CA /* InfoPlist.strings */,
				4E0678E919178855005DC8CA /* iOS-Tor-Prefix.pch */,
			);
			name = "Supporting Files";
			sourceTree = "<group>";
		};
		4E0678FC19178855005DC8CA /* iOS-TorTests */ = {
			isa = PBXGroup;
			children = (
				4E06790219178855005DC8CA /* iOS_TorTests.m */,
				4E0678FD19178855005DC8CA /* Supporting Files */,
			);
			path = "iOS-TorTests";
			sourceTree = "<group>";
		};
		4E0678FD19178855005DC8CA /* Supporting Files */ = {
			isa = PBXGroup;
			children = (
				4E0678FE19178855005DC8CA /* iOS-TorTests-Info.plist */,
				4E0678FF19178855005DC8CA /* InfoPlist.strings */,
			);
			name = "Supporting Files";
			sourceTree = "<group>";
		};
		4E11C047191794E40038B9A7 /* dependencies */ = {
			isa = PBXGroup;
			children = (
				4E11C048191794E40038B9A7 /* libcrypto.a */,
				4E11C049191794E40038B9A7 /* libcurve25519_donna.a */,
				4E11C04A191794E40038B9A7 /* libevent.a */,
				4E11C04B191794E40038B9A7 /* libevent_core.a */,
				4E11C04C191794E40038B9A7 /* libevent_extra.a */,
				4E11C04D191794E40038B9A7 /* libevent_openssl.a */,
				4E11C04E191794E40038B9A7 /* libevent_pthreads.a */,
				4E11C04F191794E40038B9A7 /* libor-crypto.a */,
				4E11C050191794E40038B9A7 /* libor-event.a */,
				4E11C051191794E40038B9A7 /* libor.a */,
				4E11C052191794E40038B9A7 /* libssl.a */,
				4E11C053191794E40038B9A7 /* libtor.a */,
			);
			name = dependencies;
			path = ../dependencies/lib;
			sourceTree = "<group>";
		};
		4EAC3D85191B9B9F001CDCAD /* ASIHTTPRequest */ = {
			isa = PBXGroup;
			children = (
				4EAC3D86191B9B9F001CDCAD /* ASIAuthenticationDialog.h */,
				4EAC3D87191B9B9F001CDCAD /* ASIAuthenticationDialog.m */,
				4EAC3D88191B9B9F001CDCAD /* ASICacheDelegate.h */,
				4EAC3D89191B9B9F001CDCAD /* ASIDataCompressor.h */,
				4EAC3D8A191B9B9F001CDCAD /* ASIDataCompressor.m */,
				4EAC3D8B191B9B9F001CDCAD /* ASIDataDecompressor.h */,
				4EAC3D8C191B9B9F001CDCAD /* ASIDataDecompressor.m */,
				4EAC3D8D191B9B9F001CDCAD /* ASIDownloadCache.h */,
				4EAC3D8E191B9B9F001CDCAD /* ASIDownloadCache.m */,
				4EAC3D8F191B9B9F001CDCAD /* ASIFormDataRequest.h */,
				4EAC3D90191B9B9F001CDCAD /* ASIFormDataRequest.m */,
				4EAC3D91191B9B9F001CDCAD /* ASIHTTPRequest.h */,
				4EAC3D92191B9B9F001CDCAD /* ASIHTTPRequest.m */,
				4EAC3D93191B9B9F001CDCAD /* ASIHTTPRequestConfig.h */,
				4EAC3D94191B9B9F001CDCAD /* ASIHTTPRequestDelegate.h */,
				4EAC3D95191B9B9F001CDCAD /* ASIInputStream.h */,
				4EAC3D96191B9B9F001CDCAD /* ASIInputStream.m */,
				4EAC3D97191B9B9F001CDCAD /* ASINetworkQueue.h */,
				4EAC3D98191B9B9F001CDCAD /* ASINetworkQueue.m */,
				4EAC3D99191B9B9F001CDCAD /* ASIProgressDelegate.h */,
				4EAC3D9A191B9B9F001CDCAD /* ASIWebPageRequest */,
				4EAC3D9D191B9B9F001CDCAD /* CloudFiles */,
				4EAC3DAC191B9B9F001CDCAD /* S3 */,
				4EAC3E26191B9BC8001CDCAD /* Reachability */,
			);
			name = ASIHTTPRequest;
			path = ASIHTTPRequest/Classes;
			sourceTree = "<group>";
		};
		4EAC3D9A191B9B9F001CDCAD /* ASIWebPageRequest */ = {
			isa = PBXGroup;
			children = (
				4EAC3D9B191B9B9F001CDCAD /* ASIWebPageRequest.h */,
				4EAC3D9C191B9B9F001CDCAD /* ASIWebPageRequest.m */,
			);
			path = ASIWebPageRequest;
			sourceTree = "<group>";
		};
		4EAC3D9D191B9B9F001CDCAD /* CloudFiles */ = {
			isa = PBXGroup;
			children = (
				4EAC3D9E191B9B9F001CDCAD /* ASICloudFilesCDNRequest.h */,
				4EAC3D9F191B9B9F001CDCAD /* ASICloudFilesCDNRequest.m */,
				4EAC3DA0191B9B9F001CDCAD /* ASICloudFilesContainer.h */,
				4EAC3DA1191B9B9F001CDCAD /* ASICloudFilesContainer.m */,
				4EAC3DA2191B9B9F001CDCAD /* ASICloudFilesContainerRequest.h */,
				4EAC3DA3191B9B9F001CDCAD /* ASICloudFilesContainerRequest.m */,
				4EAC3DA4191B9B9F001CDCAD /* ASICloudFilesContainerXMLParserDelegate.h */,
				4EAC3DA5191B9B9F001CDCAD /* ASICloudFilesContainerXMLParserDelegate.m */,
				4EAC3DA6191B9B9F001CDCAD /* ASICloudFilesObject.h */,
				4EAC3DA7191B9B9F001CDCAD /* ASICloudFilesObject.m */,
				4EAC3DA8191B9B9F001CDCAD /* ASICloudFilesObjectRequest.h */,
				4EAC3DA9191B9B9F001CDCAD /* ASICloudFilesObjectRequest.m */,
				4EAC3DAA191B9B9F001CDCAD /* ASICloudFilesRequest.h */,
				4EAC3DAB191B9B9F001CDCAD /* ASICloudFilesRequest.m */,
			);
			path = CloudFiles;
			sourceTree = "<group>";
		};
		4EAC3DAC191B9B9F001CDCAD /* S3 */ = {
			isa = PBXGroup;
			children = (
				4EAC3DAD191B9B9F001CDCAD /* ASINSXMLParserCompat.h */,
				4EAC3DAE191B9B9F001CDCAD /* ASIS3Bucket.h */,
				4EAC3DAF191B9B9F001CDCAD /* ASIS3Bucket.m */,
				4EAC3DB0191B9B9F001CDCAD /* ASIS3BucketObject.h */,
				4EAC3DB1191B9B9F001CDCAD /* ASIS3BucketObject.m */,
				4EAC3DB2191B9B9F001CDCAD /* ASIS3BucketRequest.h */,
				4EAC3DB3191B9B9F001CDCAD /* ASIS3BucketRequest.m */,
				4EAC3DB4191B9B9F001CDCAD /* ASIS3ObjectRequest.h */,
				4EAC3DB5191B9B9F001CDCAD /* ASIS3ObjectRequest.m */,
				4EAC3DB6191B9B9F001CDCAD /* ASIS3Request.h */,
				4EAC3DB7191B9B9F001CDCAD /* ASIS3Request.m */,
				4EAC3DB8191B9B9F001CDCAD /* ASIS3ServiceRequest.h */,
				4EAC3DB9191B9B9F001CDCAD /* ASIS3ServiceRequest.m */,
			);
			path = S3;
			sourceTree = "<group>";
		};
		4EAC3E26191B9BC8001CDCAD /* Reachability */ = {
			isa = PBXGroup;
			children = (
				4EAC3E27191B9BC8001CDCAD /* Reachability.h */,
				4EAC3E28191B9BC8001CDCAD /* Reachability.m */,
			);
			name = Reachability;
			path = ../External/Reachability;
			sourceTree = "<group>";
		};
		4EAC3E2B191B9BF6001CDCAD /* ULINetSocket */ = {
			isa = PBXGroup;
			children = (
				4EAC3E2C191B9BF6001CDCAD /* ULINetSocket.h */,
				4EAC3E2D191B9BF6001CDCAD /* ULINetSocket.m */,
			);
			name = ULINetSocket;
			path = ULINetSocket/Classes;
			sourceTree = "<group>";
		};
		4ED21BAE191B722900FBF84B /* Categories */ = {
			isa = PBXGroup;
			children = (
				4ED21BAA191B722100FBF84B /* NSData+Gzip.h */,
				4ED21BAB191B722100FBF84B /* NSData+Gzip.m */,
			);
			name = Categories;
			path = "iOS-Tor";
			sourceTree = "<group>";
		};
		D6F7D0F7207A089700B67406 /* Tor */ = {
			isa = PBXGroup;
			children = (
				D6F7D0F8207A089700B67406 /* Tor.h */,
				D6F7D12E207A0D4200B67406 /* torrc */,
				D6F7D132207A29BC00B67406 /* geoip */,
				D6F7D0F9207A089700B67406 /* Info.plist */,
			);
			path = Tor;
			sourceTree = "<group>";
		};
/* End PBXGroup section */

/* Begin PBXHeadersBuildPhase section */
		D6F7D0F3207A089700B67406 /* Headers */ = {
			isa = PBXHeadersBuildPhase;
			buildActionMask = 2147483647;
			files = (
				D6F7D0FA207A089700B67406 /* Tor.h in Headers */,
			);
			runOnlyForDeploymentPostprocessing = 0;
		};
/* End PBXHeadersBuildPhase section */

/* Begin PBXNativeTarget section */
		D6F7D0F5207A089700B67406 /* Tor */ = {
			isa = PBXNativeTarget;
			buildConfigurationList = D6F7D0FB207A089700B67406 /* Build configuration list for PBXNativeTarget "Tor" */;
			buildPhases = (
				D6F7D0F1207A089700B67406 /* Sources */,
				D6F7D0F2207A089700B67406 /* Frameworks */,
				D6F7D0F3207A089700B67406 /* Headers */,
				D6F7D0F4207A089700B67406 /* Resources */,
			);
			buildRules = (
			);
			dependencies = (
			);
			name = Tor;
			productName = Tor;
			productReference = D6F7D0F6207A089700B67406 /* Tor.framework */;
			productType = "com.apple.product-type.framework";
		};
/* End PBXNativeTarget section */

/* Begin PBXProject section */
		4E0678D419178854005DC8CA /* Project object */ = {
			isa = PBXProject;
			attributes = {
				LastUpgradeCheck = 0510;
				ORGANIZATIONNAME = "Mathieu Bolard";
				TargetAttributes = {
					D6F7D0F5207A089700B67406 = {
						CreatedOnToolsVersion = 9.2;
						DevelopmentTeam = T8GF25SAZN;
						ProvisioningStyle = Automatic;
					};
				};
			};
			buildConfigurationList = 4E0678D719178854005DC8CA /* Build configuration list for PBXProject "iOS-Tor" */;
			compatibilityVersion = "Xcode 3.2";
			developmentRegion = English;
			hasScannedForEncodings = 0;
			knownRegions = (
				en,
				English,
			);
			mainGroup = 4E0678D319178854005DC8CA;
			productRefGroup = 4E0678DF19178855005DC8CA /* Products */;
			projectDirPath = "";
			projectRoot = "";
			targets = (
				D6F7D0F5207A089700B67406 /* Tor */,
			);
		};
/* End PBXProject section */

/* Begin PBXResourcesBuildPhase section */
		D6F7D0F4207A089700B67406 /* Resources */ = {
			isa = PBXResourcesBuildPhase;
			buildActionMask = 2147483647;
			files = (
				D6F7D12F207A0D4200B67406 /* torrc in Resources */,
				D6F7D133207A29BC00B67406 /* geoip in Resources */,
			);
			runOnlyForDeploymentPostprocessing = 0;
		};
/* End PBXResourcesBuildPhase section */

/* Begin PBXSourcesBuildPhase section */
		D6F7D0F1207A089700B67406 /* Sources */ = {
			isa = PBXSourcesBuildPhase;
			buildActionMask = 2147483647;
			files = (
				D6F7D12B207A0CC800B67406 /* tor_main.c in Sources */,
				D6F7D11E207A09B900B67406 /* ASIS3Bucket.m in Sources */,
				D6F7D11F207A09B900B67406 /* ASIS3BucketObject.m in Sources */,
				D6F7D120207A09B900B67406 /* ASIS3BucketRequest.m in Sources */,
				D6F7D121207A09B900B67406 /* ASIS3ObjectRequest.m in Sources */,
				D6F7D122207A09B900B67406 /* ASIS3Request.m in Sources */,
				D6F7D123207A09B900B67406 /* ASIS3ServiceRequest.m in Sources */,
				D6F7D124207A09B900B67406 /* Reachability.m in Sources */,
				D6F7D125207A09B900B67406 /* ULINetSocket.m in Sources */,
				D6F7D126207A09B900B67406 /* NSData+Gzip.m in Sources */,
				D6F7D127207A09B900B67406 /* TorManager.m in Sources */,
				D6F7D128207A09B900B67406 /* TorWrapper.m in Sources */,
				D6F7D129207A09B900B67406 /* TorURLProtocol.m in Sources */,
				D6F7D12A207A09B900B67406 /* CKHTTPConnection.m in Sources */,
				D6F7D116207A099400B67406 /* ASIWebPageRequest.m in Sources */,
				D6F7D117207A099400B67406 /* ASICloudFilesCDNRequest.m in Sources */,
				D6F7D118207A099400B67406 /* ASICloudFilesContainer.m in Sources */,
				D6F7D119207A099400B67406 /* ASICloudFilesContainerRequest.m in Sources */,
				D6F7D11A207A099400B67406 /* ASICloudFilesContainerXMLParserDelegate.m in Sources */,
				D6F7D11B207A099400B67406 /* ASICloudFilesObject.m in Sources */,
				D6F7D11C207A099400B67406 /* ASICloudFilesObjectRequest.m in Sources */,
				D6F7D11D207A099400B67406 /* ASICloudFilesRequest.m in Sources */,
				D6F7D10E207A096A00B67406 /* ASIAuthenticationDialog.m in Sources */,
				D6F7D10F207A096A00B67406 /* ASIDataCompressor.m in Sources */,
				D6F7D110207A096A00B67406 /* ASIDataDecompressor.m in Sources */,
				D6F7D111207A096A00B67406 /* ASIDownloadCache.m in Sources */,
				D6F7D112207A096A00B67406 /* ASIFormDataRequest.m in Sources */,
				D6F7D113207A096A00B67406 /* ASIHTTPRequest.m in Sources */,
				D6F7D114207A096A00B67406 /* ASIInputStream.m in Sources */,
				D6F7D115207A096A00B67406 /* ASINetworkQueue.m in Sources */,
			);
			runOnlyForDeploymentPostprocessing = 0;
		};
/* End PBXSourcesBuildPhase section */

/* Begin PBXVariantGroup section */
		4E0678E619178855005DC8CA /* InfoPlist.strings */ = {
			isa = PBXVariantGroup;
			children = (
				4E0678E719178855005DC8CA /* en */,
			);
			name = InfoPlist.strings;
			sourceTree = "<group>";
		};
		4E0678FF19178855005DC8CA /* InfoPlist.strings */ = {
			isa = PBXVariantGroup;
			children = (
				4E06790019178855005DC8CA /* en */,
			);
			name = InfoPlist.strings;
			sourceTree = "<group>";
		};
/* End PBXVariantGroup section */

/* Begin XCBuildConfiguration section */
		4E06790419178855005DC8CA /* Debug */ = {
			isa = XCBuildConfiguration;
			buildSettings = {
				ALWAYS_SEARCH_USER_PATHS = NO;
				ARCHS = (
					"$(ARCHS_STANDARD)",
					x86_64,
				);
				CLANG_CXX_LANGUAGE_STANDARD = "gnu++0x";
				CLANG_CXX_LIBRARY = "libc++";
				CLANG_ENABLE_MODULES = YES;
				CLANG_ENABLE_OBJC_ARC = YES;
				CLANG_WARN_BOOL_CONVERSION = YES;
				CLANG_WARN_CONSTANT_CONVERSION = YES;
				CLANG_WARN_DIRECT_OBJC_ISA_USAGE = YES_ERROR;
				CLANG_WARN_EMPTY_BODY = YES;
				CLANG_WARN_ENUM_CONVERSION = YES;
				CLANG_WARN_INT_CONVERSION = YES;
				CLANG_WARN_OBJC_ROOT_CLASS = YES_ERROR;
				CLANG_WARN__DUPLICATE_METHOD_MATCH = YES;
				COPY_PHASE_STRIP = NO;
				GCC_C_LANGUAGE_STANDARD = gnu99;
				GCC_DYNAMIC_NO_PIC = NO;
				GCC_OPTIMIZATION_LEVEL = 0;
				GCC_PREPROCESSOR_DEFINITIONS = (
					"DEBUG=1",
					"$(inherited)",
				);
				GCC_SYMBOLS_PRIVATE_EXTERN = NO;
				GCC_WARN_64_TO_32_BIT_CONVERSION = YES;
				GCC_WARN_ABOUT_RETURN_TYPE = YES_ERROR;
				GCC_WARN_UNDECLARED_SELECTOR = YES;
				GCC_WARN_UNINITIALIZED_AUTOS = YES_AGGRESSIVE;
				GCC_WARN_UNUSED_FUNCTION = YES;
				GCC_WARN_UNUSED_VARIABLE = YES;
				IPHONEOS_DEPLOYMENT_TARGET = 7.1;
				ONLY_ACTIVE_ARCH = NO;
				SDKROOT = iphoneos;
			};
			name = Debug;
		};
		4E06790519178855005DC8CA /* Release */ = {
			isa = XCBuildConfiguration;
			buildSettings = {
				ALWAYS_SEARCH_USER_PATHS = NO;
				ARCHS = (
					"$(ARCHS_STANDARD)",
					x86_64,
				);
				CLANG_CXX_LANGUAGE_STANDARD = "gnu++0x";
				CLANG_CXX_LIBRARY = "libc++";
				CLANG_ENABLE_MODULES = YES;
				CLANG_ENABLE_OBJC_ARC = YES;
				CLANG_WARN_BOOL_CONVERSION = YES;
				CLANG_WARN_CONSTANT_CONVERSION = YES;
				CLANG_WARN_DIRECT_OBJC_ISA_USAGE = YES_ERROR;
				CLANG_WARN_EMPTY_BODY = YES;
				CLANG_WARN_ENUM_CONVERSION = YES;
				CLANG_WARN_INT_CONVERSION = YES;
				CLANG_WARN_OBJC_ROOT_CLASS = YES_ERROR;
				CLANG_WARN__DUPLICATE_METHOD_MATCH = YES;
				COPY_PHASE_STRIP = YES;
				ENABLE_NS_ASSERTIONS = NO;
				GCC_C_LANGUAGE_STANDARD = gnu99;
				GCC_WARN_64_TO_32_BIT_CONVERSION = YES;
				GCC_WARN_ABOUT_RETURN_TYPE = YES_ERROR;
				GCC_WARN_UNDECLARED_SELECTOR = YES;
				GCC_WARN_UNINITIALIZED_AUTOS = YES_AGGRESSIVE;
				GCC_WARN_UNUSED_FUNCTION = YES;
				GCC_WARN_UNUSED_VARIABLE = YES;
				IPHONEOS_DEPLOYMENT_TARGET = 7.1;
				ONLY_ACTIVE_ARCH = NO;
				SDKROOT = iphoneos;
				VALIDATE_PRODUCT = YES;
			};
			name = Release;
		};
		D6F7D0FC207A089700B67406 /* Debug */ = {
			isa = XCBuildConfiguration;
			buildSettings = {
				CLANG_ANALYZER_NONNULL = YES;
				CLANG_ANALYZER_NUMBER_OBJECT_CONVERSION = YES_AGGRESSIVE;
				CLANG_CXX_LANGUAGE_STANDARD = "gnu++14";
				CLANG_WARN_BLOCK_CAPTURE_AUTORELEASING = YES;
				CLANG_WARN_COMMA = YES;
				CLANG_WARN_DOCUMENTATION_COMMENTS = YES;
				CLANG_WARN_INFINITE_RECURSION = YES;
				CLANG_WARN_NON_LITERAL_NULL_CONVERSION = YES;
				CLANG_WARN_OBJC_LITERAL_CONVERSION = YES;
				CLANG_WARN_RANGE_LOOP_ANALYSIS = YES;
				CLANG_WARN_STRICT_PROTOTYPES = YES;
				CLANG_WARN_SUSPICIOUS_MOVE = YES;
				CLANG_WARN_UNGUARDED_AVAILABILITY = YES_AGGRESSIVE;
				CLANG_WARN_UNREACHABLE_CODE = YES;
				CODE_SIGN_IDENTITY = "iPhone Developer";
				CODE_SIGN_STYLE = Automatic;
				CURRENT_PROJECT_VERSION = 1;
				DEBUG_INFORMATION_FORMAT = dwarf;
				DEFINES_MODULE = YES;
				DEVELOPMENT_TEAM = T8GF25SAZN;
				DYLIB_COMPATIBILITY_VERSION = 1;
				DYLIB_CURRENT_VERSION = 1;
				DYLIB_INSTALL_NAME_BASE = "@rpath";
				ENABLE_BITCODE = NO;
				ENABLE_STRICT_OBJC_MSGSEND = YES;
				ENABLE_TESTABILITY = YES;
				GCC_C_LANGUAGE_STANDARD = gnu11;
				GCC_NO_COMMON_BLOCKS = YES;
				HEADER_SEARCH_PATHS = (
					"$(inherited)",
					"${SDK_DIR}/usr/include/libxml2",
					"$(SRCROOT)/../dependencies/include/**",
				);
				INFOPLIST_FILE = Tor/Info.plist;
				INSTALL_PATH = "$(LOCAL_LIBRARY_DIR)/Frameworks";
				IPHONEOS_DEPLOYMENT_TARGET = 11.2;
				LD_RUNPATH_SEARCH_PATHS = "$(inherited) @executable_path/Frameworks @loader_path/Frameworks";
				MTL_ENABLE_DEBUG_INFO = YES;
				ONLY_ACTIVE_ARCH = YES;
				OTHER_LDFLAGS = (
					"-L$(SRCROOT)/../dependencies/lib",
					"-lxml2",
				);
				PRODUCT_BUNDLE_IDENTIFIER = com.cyborch.Tor;
				PRODUCT_NAME = "$(TARGET_NAME:c99extidentifier)";
				SKIP_INSTALL = YES;
				TARGETED_DEVICE_FAMILY = "1,2";
				VERSIONING_SYSTEM = "apple-generic";
				VERSION_INFO_PREFIX = "";
			};
			name = Debug;
		};
		D6F7D0FD207A089700B67406 /* Release */ = {
			isa = XCBuildConfiguration;
			buildSettings = {
				CLANG_ANALYZER_NONNULL = YES;
				CLANG_ANALYZER_NUMBER_OBJECT_CONVERSION = YES_AGGRESSIVE;
				CLANG_CXX_LANGUAGE_STANDARD = "gnu++14";
				CLANG_WARN_BLOCK_CAPTURE_AUTORELEASING = YES;
				CLANG_WARN_COMMA = YES;
				CLANG_WARN_DOCUMENTATION_COMMENTS = YES;
				CLANG_WARN_INFINITE_RECURSION = YES;
				CLANG_WARN_NON_LITERAL_NULL_CONVERSION = YES;
				CLANG_WARN_OBJC_LITERAL_CONVERSION = YES;
				CLANG_WARN_RANGE_LOOP_ANALYSIS = YES;
				CLANG_WARN_STRICT_PROTOTYPES = YES;
				CLANG_WARN_SUSPICIOUS_MOVE = YES;
				CLANG_WARN_UNGUARDED_AVAILABILITY = YES_AGGRESSIVE;
				CLANG_WARN_UNREACHABLE_CODE = YES;
				CODE_SIGN_IDENTITY = "iPhone Developer";
				CODE_SIGN_STYLE = Automatic;
				COPY_PHASE_STRIP = NO;
				CURRENT_PROJECT_VERSION = 1;
				DEBUG_INFORMATION_FORMAT = "dwarf-with-dsym";
				DEFINES_MODULE = YES;
				DEVELOPMENT_TEAM = T8GF25SAZN;
				DYLIB_COMPATIBILITY_VERSION = 1;
				DYLIB_CURRENT_VERSION = 1;
				DYLIB_INSTALL_NAME_BASE = "@rpath";
				ENABLE_BITCODE = NO;
				ENABLE_STRICT_OBJC_MSGSEND = YES;
				GCC_C_LANGUAGE_STANDARD = gnu11;
				GCC_NO_COMMON_BLOCKS = YES;
				HEADER_SEARCH_PATHS = (
					"$(inherited)",
					"${SDK_DIR}/usr/include/libxml2",
					"$(SRCROOT)/../dependencies/include/**",
				);
				INFOPLIST_FILE = Tor/Info.plist;
				INSTALL_PATH = "$(LOCAL_LIBRARY_DIR)/Frameworks";
				IPHONEOS_DEPLOYMENT_TARGET = 11.2;
				LD_RUNPATH_SEARCH_PATHS = "$(inherited) @executable_path/Frameworks @loader_path/Frameworks";
				MTL_ENABLE_DEBUG_INFO = NO;
				OTHER_LDFLAGS = (
					"-L$(SRCROOT)/../dependencies/lib",
					"-lxml2",
				);
				PRODUCT_BUNDLE_IDENTIFIER = com.cyborch.Tor;
				PRODUCT_NAME = "$(TARGET_NAME:c99extidentifier)";
				SKIP_INSTALL = YES;
				TARGETED_DEVICE_FAMILY = "1,2";
				VERSIONING_SYSTEM = "apple-generic";
				VERSION_INFO_PREFIX = "";
			};
			name = Release;
		};
/* End XCBuildConfiguration section */

/* Begin XCConfigurationList section */
		4E0678D719178854005DC8CA /* Build configuration list for PBXProject "iOS-Tor" */ = {
			isa = XCConfigurationList;
			buildConfigurations = (
				4E06790419178855005DC8CA /* Debug */,
				4E06790519178855005DC8CA /* Release */,
			);
			defaultConfigurationIsVisible = 0;
			defaultConfigurationName = Release;
		};
		D6F7D0FB207A089700B67406 /* Build configuration list for PBXNativeTarget "Tor" */ = {
			isa = XCConfigurationList;
			buildConfigurations = (
				D6F7D0FC207A089700B67406 /* Debug */,
				D6F7D0FD207A089700B67406 /* Release */,
			);
			defaultConfigurationIsVisible = 0;
			defaultConfigurationName = Release;
		};
/* End XCConfigurationList section */
	};
	rootObject = 4E0678D419178854005DC8CA /* Project object */;
}
